
Microsoft Visual Studio Solution File, Format Version 12.00
# Visual Studio Version 17
VisualStudioVersion = 17.10.35122.118
MinimumVisualStudioVersion = 10.0.40219.1
Project("{9A19103F-16F7-4668-BE54-9A1E7A4F7556}") = "SPP-Sekolah.web", "SPP-Sekolah\SPP-Sekolah.web.csproj", "{33F2612C-84D7-4252-A678-DEB1B5F4DDD1}"
EndProject
Project("{FAE04EC0-301F-11D3-BF4B-00C04F79EFBC}") = "Spp-sekolah.API", "Spp-sekolah.API\Spp-sekolah.API.csproj", "{0993F615-3794-42DA-853D-4F3793DEB1DC}"
EndProject
Project("{FAE04EC0-301F-11D3-BF4B-00C04F79EFBC}") = "DataAccess", "DataAccess\DataAccess.csproj", "{ED808244-71C0-4D82-B35C-83BBAA328EBF}"
EndProject
Project("{FAE04EC0-301F-11D3-BF4B-00C04F79EFBC}") = "ViewModel", "ViewModel\ViewModel.csproj", "{088EF8BC-0E44-49C9-90E0-92E95A97C471}"
EndProject
Project("{FAE04EC0-301F-11D3-BF4B-00C04F79EFBC}") = "DataModel", "DataModel\DataModel.csproj", "{A26FC619-89B7-4387-8120-A97EFB44D269}"
EndProject
Global
	GlobalSection(SolutionConfigurationPlatforms) = preSolution
		Debug|Any CPU = Debug|Any CPU
		Release|Any CPU = Release|Any CPU
	EndGlobalSection
	GlobalSection(ProjectConfigurationPlatforms) = postSolution
		{33F2612C-84D7-4252-A678-DEB1B5F4DDD1}.Debug|Any CPU.ActiveCfg = Debug|Any CPU
		{33F2612C-84D7-4252-A678-DEB1B5F4DDD1}.Debug|Any CPU.Build.0 = Debug|Any CPU
		{33F2612C-84D7-4252-A678-DEB1B5F4DDD1}.Release|Any CPU.ActiveCfg = Release|Any CPU
		{33F2612C-84D7-4252-A678-DEB1B5F4DDD1}.Release|Any CPU.Build.0 = Release|Any CPU
		{0993F615-3794-42DA-853D-4F3793DEB1DC}.Debug|Any CPU.ActiveCfg = Debug|Any CPU
		{0993F615-3794-42DA-853D-4F3793DEB1DC}.Debug|Any CPU.Build.0 = Debug|Any CPU
		{0993F615-3794-42DA-853D-4F3793DEB1DC}.Release|Any CPU.ActiveCfg = Release|Any CPU
		{0993F615-3794-42DA-853D-4F3793DEB1DC}.Release|Any CPU.Build.0 = Release|Any CPU
		{ED808244-71C0-4D82-B35C-83BBAA328EBF}.Debug|Any CPU.ActiveCfg = Debug|Any CPU
		{ED808244-71C0-4D82-B35C-83BBAA328EBF}.Debug|Any CPU.Build.0 = Debug|Any CPU
		{ED808244-71C0-4D82-B35C-83BBAA328EBF}.Release|Any CPU.ActiveCfg = Release|Any CPU
		{ED808244-71C0-4D82-B35C-83BBAA328EBF}.Release|Any CPU.Build.0 = Release|Any CPU
		{088EF8BC-0E44-49C9-90E0-92E95A97C471}.Debug|Any CPU.ActiveCfg = Debug|Any CPU
		{088EF8BC-0E44-49C9-90E0-92E95A97C471}.Debug|Any CPU.Build.0 = Debug|Any CPU
		{088EF8BC-0E44-49C9-90E0-92E95A97C471}.Release|Any CPU.ActiveCfg = Release|Any CPU
		{088EF8BC-0E44-49C9-90E0-92E95A97C471}.Release|Any CPU.Build.0 = Release|Any CPU
		{A26FC619-89B7-4387-8120-A97EFB44D269}.Debug|Any CPU.ActiveCfg = Debug|Any CPU
		{A26FC619-89B7-4387-8120-A97EFB44D269}.Debug|Any CPU.Build.0 = Debug|Any CPU
		{A26FC619-89B7-4387-8120-A97EFB44D269}.Release|Any CPU.ActiveCfg = Release|Any CPU
		{A26FC619-89B7-4387-8120-A97EFB44D269}.Release|Any CPU.Build.0 = Release|Any CPU
	EndGlobalSection
	GlobalSection(SolutionProperties) = preSolution
		HideSolutionNode = FALSE
	EndGlobalSection
	GlobalSection(ExtensibilityGlobals) = postSolution
		SolutionGuid = {F24FD158-A7C6-4F3C-A56B-CA99036DA7D5}
	EndGlobalSection
EndGlobal
